
Microsoft Visual Studio Solution File, Format Version 12.00
# Visual Studio Version 17
VisualStudioVersion = 17.0.32014.148
MinimumVisualStudioVersion = 10.0.40219.1
Project("{FAE04EC0-301F-11D3-BF4B-00C04F79EFBC}") = "AvaloniaClient", "AvaloniaClient\AvaloniaClient.csproj", "{8115B420-164A-421D-88A6-A4DBE59F7F5D}"
EndProject
Global
	GlobalSection(SolutionConfigurationPlatforms) = preSolution
		Debug|Any CPU = Debug|Any CPU
		Release|Any CPU = Release|Any CPU
	EndGlobalSection
	GlobalSection(ProjectConfigurationPlatforms) = postSolution
		{8115B420-164A-421D-88A6-A4DBE59F7F5D}.Debug|Any CPU.ActiveCfg = Debug|Any CPU
		{8115B420-164A-421D-88A6-A4DBE59F7F5D}.Debug|Any CPU.Build.0 = Debug|Any CPU
		{8115B420-164A-421D-88A6-A4DBE59F7F5D}.Release|Any CPU.ActiveCfg = Release|Any CPU
		{8115B420-164A-421D-88A6-A4DBE59F7F5D}.Release|Any CPU.Build.0 = Release|Any CPU
	EndGlobalSection
	GlobalSection(SolutionProperties) = preSolution
		HideSolutionNode = FALSE
	EndGlobalSection
	GlobalSection(ExtensibilityGlobals) = postSolution
		SolutionGuid = {D38BA962-1152-4543-8438-75DF53540896}
	EndGlobalSection
EndGlobal
